// !$*UTF8*$!
{
	archiveVersion = 1;
	classes = {
	};
	objectVersion = 56;
	objects = {

/* Begin PBXBuildFile section */
		8759206E2B2712B000BCBBB4 /* StopwatchVM.swift in Sources */ = {isa = PBXBuildFile; fileRef = 8759206D2B2712B000BCBBB4 /* StopwatchVM.swift */; };
		875920702B2712D700BCBBB4 /* StopwatchView.swift in Sources */ = {isa = PBXBuildFile; fileRef = 8759206F2B2712D700BCBBB4 /* StopwatchView.swift */; };
		878226762B45351800552FB1 /* TimeZoneCellView.swift in Sources */ = {isa = PBXBuildFile; fileRef = 878226752B45351800552FB1 /* TimeZoneCellView.swift */; };
		878226782B45354400552FB1 /* TimeZoneCellVM.swift in Sources */ = {isa = PBXBuildFile; fileRef = 878226772B45354400552FB1 /* TimeZoneCellVM.swift */; };
		8782267B2B49300C00552FB1 /* AlarmVM.swift in Sources */ = {isa = PBXBuildFile; fileRef = 8782267A2B49300C00552FB1 /* AlarmVM.swift */; };
		8782267D2B49301C00552FB1 /* AlarmView.swift in Sources */ = {isa = PBXBuildFile; fileRef = 8782267C2B49301C00552FB1 /* AlarmView.swift */; };
		878682152B09F8DE004E67FD /* MyAlarmApp.swift in Sources */ = {isa = PBXBuildFile; fileRef = 878682142B09F8DE004E67FD /* MyAlarmApp.swift */; };
		878682172B09F8DE004E67FD /* ContentView.swift in Sources */ = {isa = PBXBuildFile; fileRef = 878682162B09F8DE004E67FD /* ContentView.swift */; };
		878682192B09F8DF004E67FD /* Assets.xcassets in Resources */ = {isa = PBXBuildFile; fileRef = 878682182B09F8DF004E67FD /* Assets.xcassets */; };
		8786821C2B09F8DF004E67FD /* Preview Assets.xcassets in Resources */ = {isa = PBXBuildFile; fileRef = 8786821B2B09F8DF004E67FD /* Preview Assets.xcassets */; };
		878682242B09FDBD004E67FD /* HomeTabVM.swift in Sources */ = {isa = PBXBuildFile; fileRef = 878682232B09FDBD004E67FD /* HomeTabVM.swift */; };
		8786822A2B0A18EA004E67FD /* HomeTabView.swift in Sources */ = {isa = PBXBuildFile; fileRef = 878682292B0A18EA004E67FD /* HomeTabView.swift */; };
		8786822D2B0A1A97004E67FD /* TabItem.swift in Sources */ = {isa = PBXBuildFile; fileRef = 8786822C2B0A1A97004E67FD /* TabItem.swift */; };
		8786822F2B0A3A1E004E67FD /* AppStrings.swift in Sources */ = {isa = PBXBuildFile; fileRef = 8786822E2B0A3A1E004E67FD /* AppStrings.swift */; };
		878682322B0A4AB7004E67FD /* Localizable.strings in Resources */ = {isa = PBXBuildFile; fileRef = 878682342B0A4AB7004E67FD /* Localizable.strings */; };
		8786824C2B0BD194004E67FD /* ClockView.swift in Sources */ = {isa = PBXBuildFile; fileRef = 8786824B2B0BD194004E67FD /* ClockView.swift */; };
		8786824E2B0BD1A8004E67FD /* ClockVM.swift in Sources */ = {isa = PBXBuildFile; fileRef = 8786824D2B0BD1A8004E67FD /* ClockVM.swift */; };
		878682502B0CE779004E67FD /* DateFunctions.swift in Sources */ = {isa = PBXBuildFile; fileRef = 8786824F2B0CE779004E67FD /* DateFunctions.swift */; };
		878682562B18BD69004E67FD /* Coordinator.swift in Sources */ = {isa = PBXBuildFile; fileRef = 878682552B18BD69004E67FD /* Coordinator.swift */; };
		878682592B2431F9004E67FD /* TimerVM.swift in Sources */ = {isa = PBXBuildFile; fileRef = 878682582B2431F9004E67FD /* TimerVM.swift */; };
		8786825B2B243249004E67FD /* TimerView.swift in Sources */ = {isa = PBXBuildFile; fileRef = 8786825A2B243249004E67FD /* TimerView.swift */; };
		87F201C12B3E771600158232 /* TimezoneView.swift in Sources */ = {isa = PBXBuildFile; fileRef = 87F201C02B3E771600158232 /* TimezoneView.swift */; };
		87F201C32B3E774000158232 /* CurrentTimeVM.swift in Sources */ = {isa = PBXBuildFile; fileRef = 87F201C22B3E774000158232 /* CurrentTimeVM.swift */; };
		87F201C52B3E775400158232 /* CurrentTimeView.swift in Sources */ = {isa = PBXBuildFile; fileRef = 87F201C42B3E775400158232 /* CurrentTimeView.swift */; };
		87F201C72B3E828900158232 /* TimezoneVM.swift in Sources */ = {isa = PBXBuildFile; fileRef = 87F201C62B3E828900158232 /* TimezoneVM.swift */; };
		87F201CA2B40601200158232 /* Container.swift in Sources */ = {isa = PBXBuildFile; fileRef = 87F201C92B40601200158232 /* Container.swift */; };
/* End PBXBuildFile section */

/* Begin PBXFileReference section */
		8759206D2B2712B000BCBBB4 /* StopwatchVM.swift */ = {isa = PBXFileReference; lastKnownFileType = sourcecode.swift; path = StopwatchVM.swift; sourceTree = "<group>"; };
		8759206F2B2712D700BCBBB4 /* StopwatchView.swift */ = {isa = PBXFileReference; lastKnownFileType = sourcecode.swift; path = StopwatchView.swift; sourceTree = "<group>"; };
		878226752B45351800552FB1 /* TimeZoneCellView.swift */ = {isa = PBXFileReference; lastKnownFileType = sourcecode.swift; path = TimeZoneCellView.swift; sourceTree = "<group>"; };
		878226772B45354400552FB1 /* TimeZoneCellVM.swift */ = {isa = PBXFileReference; lastKnownFileType = sourcecode.swift; path = TimeZoneCellVM.swift; sourceTree = "<group>"; };
		8782267A2B49300C00552FB1 /* AlarmVM.swift */ = {isa = PBXFileReference; lastKnownFileType = sourcecode.swift; path = AlarmVM.swift; sourceTree = "<group>"; };
		8782267C2B49301C00552FB1 /* AlarmView.swift */ = {isa = PBXFileReference; lastKnownFileType = sourcecode.swift; path = AlarmView.swift; sourceTree = "<group>"; };
		878682112B09F8DE004E67FD /* MyAlarm.app */ = {isa = PBXFileReference; explicitFileType = wrapper.application; includeInIndex = 0; path = MyAlarm.app; sourceTree = BUILT_PRODUCTS_DIR; };
		878682142B09F8DE004E67FD /* MyAlarmApp.swift */ = {isa = PBXFileReference; lastKnownFileType = sourcecode.swift; path = MyAlarmApp.swift; sourceTree = "<group>"; };
		878682162B09F8DE004E67FD /* ContentView.swift */ = {isa = PBXFileReference; lastKnownFileType = sourcecode.swift; path = ContentView.swift; sourceTree = "<group>"; };
		878682182B09F8DF004E67FD /* Assets.xcassets */ = {isa = PBXFileReference; lastKnownFileType = folder.assetcatalog; path = Assets.xcassets; sourceTree = "<group>"; };
		8786821B2B09F8DF004E67FD /* Preview Assets.xcassets */ = {isa = PBXFileReference; lastKnownFileType = folder.assetcatalog; path = "Preview Assets.xcassets"; sourceTree = "<group>"; };
		878682232B09FDBD004E67FD /* HomeTabVM.swift */ = {isa = PBXFileReference; lastKnownFileType = sourcecode.swift; path = HomeTabVM.swift; sourceTree = "<group>"; };
		878682292B0A18EA004E67FD /* HomeTabView.swift */ = {isa = PBXFileReference; lastKnownFileType = sourcecode.swift; path = HomeTabView.swift; sourceTree = "<group>"; };
		8786822C2B0A1A97004E67FD /* TabItem.swift */ = {isa = PBXFileReference; lastKnownFileType = sourcecode.swift; path = TabItem.swift; sourceTree = "<group>"; };
		8786822E2B0A3A1E004E67FD /* AppStrings.swift */ = {isa = PBXFileReference; lastKnownFileType = sourcecode.swift; path = AppStrings.swift; sourceTree = "<group>"; };
		878682332B0A4AB7004E67FD /* en */ = {isa = PBXFileReference; lastKnownFileType = text.plist.strings; name = en; path = en.lproj/Localizable.strings; sourceTree = "<group>"; };
		878682352B0A4B31004E67FD /* fi */ = {isa = PBXFileReference; lastKnownFileType = text.plist.strings; name = fi; path = fi.lproj/Localizable.strings; sourceTree = "<group>"; };
		878682362B0A7123004E67FD /* ml-IN */ = {isa = PBXFileReference; lastKnownFileType = text.plist.strings; name = "ml-IN"; path = "ml-IN.lproj/Localizable.strings"; sourceTree = "<group>"; };
		8786824B2B0BD194004E67FD /* ClockView.swift */ = {isa = PBXFileReference; lastKnownFileType = sourcecode.swift; path = ClockView.swift; sourceTree = "<group>"; };
		8786824D2B0BD1A8004E67FD /* ClockVM.swift */ = {isa = PBXFileReference; lastKnownFileType = sourcecode.swift; path = ClockVM.swift; sourceTree = "<group>"; };
		8786824F2B0CE779004E67FD /* DateFunctions.swift */ = {isa = PBXFileReference; lastKnownFileType = sourcecode.swift; path = DateFunctions.swift; sourceTree = "<group>"; };
		878682552B18BD69004E67FD /* Coordinator.swift */ = {isa = PBXFileReference; lastKnownFileType = sourcecode.swift; path = Coordinator.swift; sourceTree = "<group>"; };
		878682582B2431F9004E67FD /* TimerVM.swift */ = {isa = PBXFileReference; lastKnownFileType = sourcecode.swift; path = TimerVM.swift; sourceTree = "<group>"; };
		8786825A2B243249004E67FD /* TimerView.swift */ = {isa = PBXFileReference; lastKnownFileType = sourcecode.swift; path = TimerView.swift; sourceTree = "<group>"; };
		87F201C02B3E771600158232 /* TimezoneView.swift */ = {isa = PBXFileReference; lastKnownFileType = sourcecode.swift; path = TimezoneView.swift; sourceTree = "<group>"; };
		87F201C22B3E774000158232 /* CurrentTimeVM.swift */ = {isa = PBXFileReference; lastKnownFileType = sourcecode.swift; path = CurrentTimeVM.swift; sourceTree = "<group>"; };
		87F201C42B3E775400158232 /* CurrentTimeView.swift */ = {isa = PBXFileReference; lastKnownFileType = sourcecode.swift; path = CurrentTimeView.swift; sourceTree = "<group>"; };
		87F201C62B3E828900158232 /* TimezoneVM.swift */ = {isa = PBXFileReference; lastKnownFileType = sourcecode.swift; path = TimezoneVM.swift; sourceTree = "<group>"; };
		87F201C92B40601200158232 /* Container.swift */ = {isa = PBXFileReference; lastKnownFileType = sourcecode.swift; path = Container.swift; sourceTree = "<group>"; };
/* End PBXFileReference section */

/* Begin PBXFrameworksBuildPhase section */
		8786820E2B09F8DE004E67FD /* Frameworks */ = {
			isa = PBXFrameworksBuildPhase;
			buildActionMask = 2147483647;
			files = (
			);
			runOnlyForDeploymentPostprocessing = 0;
		};
/* End PBXFrameworksBuildPhase section */

/* Begin PBXGroup section */
		8759206C2B27121F00BCBBB4 /* Stopwatch */ = {
			isa = PBXGroup;
			children = (
				8759206D2B2712B000BCBBB4 /* StopwatchVM.swift */,
				8759206F2B2712D700BCBBB4 /* StopwatchView.swift */,
			);
			path = Stopwatch;
			sourceTree = "<group>";
		};
		875920762B39C0C800BCBBB4 /* CurrentView */ = {
			isa = PBXGroup;
			children = (
				87F201C22B3E774000158232 /* CurrentTimeVM.swift */,
				87F201C42B3E775400158232 /* CurrentTimeView.swift */,
			);
			path = CurrentView;
			sourceTree = "<group>";
		};
		8759207B2B3C252A00BCBBB4 /* TimezoneSelection */ = {
			isa = PBXGroup;
			children = (
				87F201C02B3E771600158232 /* TimezoneView.swift */,
				87F201C62B3E828900158232 /* TimezoneVM.swift */,
			);
			path = TimezoneSelection;
			sourceTree = "<group>";
		};
		878226742B45346000552FB1 /* TimeZonecell */ = {
			isa = PBXGroup;
			children = (
				878226752B45351800552FB1 /* TimeZoneCellView.swift */,
				878226772B45354400552FB1 /* TimeZoneCellVM.swift */,
			);
			path = TimeZonecell;
			sourceTree = "<group>";
		};
		878226792B492FD300552FB1 /* Alarm */ = {
			isa = PBXGroup;
			children = (
				8782267A2B49300C00552FB1 /* AlarmVM.swift */,
				8782267C2B49301C00552FB1 /* AlarmView.swift */,
			);
			path = Alarm;
			sourceTree = "<group>";
		};
		878682082B09F8DE004E67FD = {
			isa = PBXGroup;
			children = (
				878682342B0A4AB7004E67FD /* Localizable.strings */,
				878682132B09F8DE004E67FD /* MyAlarm */,
				878682122B09F8DE004E67FD /* Products */,
			);
			sourceTree = "<group>";
		};
		878682122B09F8DE004E67FD /* Products */ = {
			isa = PBXGroup;
			children = (
				878682112B09F8DE004E67FD /* MyAlarm.app */,
			);
			name = Products;
			sourceTree = "<group>";
		};
		878682132B09F8DE004E67FD /* MyAlarm */ = {
			isa = PBXGroup;
			children = (
				878226792B492FD300552FB1 /* Alarm */,
				87F201C82B40600200158232 /* Container */,
				8759206C2B27121F00BCBBB4 /* Stopwatch */,
				878682572B24313E004E67FD /* Timer */,
				878682542B18BBD8004E67FD /* Coordinator */,
				8786824A2B0BD187004E67FD /* Clock */,
				8786822B2B0A1A82004E67FD /* Common */,
				878682222B09FCC4004E67FD /* HomeTab */,
				878682142B09F8DE004E67FD /* MyAlarmApp.swift */,
				878682162B09F8DE004E67FD /* ContentView.swift */,
				878682182B09F8DF004E67FD /* Assets.xcassets */,
				8786821A2B09F8DF004E67FD /* Preview Content */,
			);
			path = MyAlarm;
			sourceTree = "<group>";
		};
		8786821A2B09F8DF004E67FD /* Preview Content */ = {
			isa = PBXGroup;
			children = (
				8786821B2B09F8DF004E67FD /* Preview Assets.xcassets */,
			);
			path = "Preview Content";
			sourceTree = "<group>";
		};
		878682222B09FCC4004E67FD /* HomeTab */ = {
			isa = PBXGroup;
			children = (
				878682232B09FDBD004E67FD /* HomeTabVM.swift */,
				878682292B0A18EA004E67FD /* HomeTabView.swift */,
			);
			path = HomeTab;
			sourceTree = "<group>";
		};
		8786822B2B0A1A82004E67FD /* Common */ = {
			isa = PBXGroup;
			children = (
				8786822C2B0A1A97004E67FD /* TabItem.swift */,
				8786822E2B0A3A1E004E67FD /* AppStrings.swift */,
				8786824F2B0CE779004E67FD /* DateFunctions.swift */,
			);
			path = Common;
			sourceTree = "<group>";
		};
		8786824A2B0BD187004E67FD /* Clock */ = {
			isa = PBXGroup;
			children = (
				878226742B45346000552FB1 /* TimeZonecell */,
				8759207B2B3C252A00BCBBB4 /* TimezoneSelection */,
				875920762B39C0C800BCBBB4 /* CurrentView */,
				8786824B2B0BD194004E67FD /* ClockView.swift */,
				8786824D2B0BD1A8004E67FD /* ClockVM.swift */,
			);
			path = Clock;
			sourceTree = "<group>";
		};
		878682542B18BBD8004E67FD /* Coordinator */ = {
			isa = PBXGroup;
			children = (
				878682552B18BD69004E67FD /* Coordinator.swift */,
			);
			path = Coordinator;
			sourceTree = "<group>";
		};
		878682572B24313E004E67FD /* Timer */ = {
			isa = PBXGroup;
			children = (
				878682582B2431F9004E67FD /* TimerVM.swift */,
				8786825A2B243249004E67FD /* TimerView.swift */,
			);
			path = Timer;
			sourceTree = "<group>";
		};
		87F201C82B40600200158232 /* Container */ = {
			isa = PBXGroup;
			children = (
				87F201C92B40601200158232 /* Container.swift */,
			);
			path = Container;
			sourceTree = "<group>";
		};
/* End PBXGroup section */

/* Begin PBXNativeTarget section */
		878682102B09F8DE004E67FD /* MyAlarm */ = {
			isa = PBXNativeTarget;
			buildConfigurationList = 8786821F2B09F8DF004E67FD /* Build configuration list for PBXNativeTarget "MyAlarm" */;
			buildPhases = (
				8786820D2B09F8DE004E67FD /* Sources */,
				8786820E2B09F8DE004E67FD /* Frameworks */,
				8786820F2B09F8DE004E67FD /* Resources */,
			);
			buildRules = (
			);
			dependencies = (
			);
			name = MyAlarm;
			productName = MyAlarm;
			productReference = 878682112B09F8DE004E67FD /* MyAlarm.app */;
			productType = "com.apple.product-type.application";
		};
/* End PBXNativeTarget section */

/* Begin PBXProject section */
		878682092B09F8DE004E67FD /* Project object */ = {
			isa = PBXProject;
			attributes = {
				BuildIndependentTargetsInParallel = 1;
				LastSwiftUpdateCheck = 1430;
				LastUpgradeCheck = 1430;
				TargetAttributes = {
					878682102B09F8DE004E67FD = {
						CreatedOnToolsVersion = 14.3.1;
					};
				};
			};
			buildConfigurationList = 8786820C2B09F8DE004E67FD /* Build configuration list for PBXProject "MyAlarm" */;
			compatibilityVersion = "Xcode 14.0";
			developmentRegion = en;
			hasScannedForEncodings = 0;
			knownRegions = (
				en,
				Base,
				fi,
				"ml-IN",
			);
			mainGroup = 878682082B09F8DE004E67FD;
			productRefGroup = 878682122B09F8DE004E67FD /* Products */;
			projectDirPath = "";
			projectRoot = "";
			targets = (
				878682102B09F8DE004E67FD /* MyAlarm */,
			);
		};
/* End PBXProject section */

/* Begin PBXResourcesBuildPhase section */
		8786820F2B09F8DE004E67FD /* Resources */ = {
			isa = PBXResourcesBuildPhase;
			buildActionMask = 2147483647;
			files = (
				8786821C2B09F8DF004E67FD /* Preview Assets.xcassets in Resources */,
				878682322B0A4AB7004E67FD /* Localizable.strings in Resources */,
				878682192B09F8DF004E67FD /* Assets.xcassets in Resources */,
			);
			runOnlyForDeploymentPostprocessing = 0;
		};
/* End PBXResourcesBuildPhase section */

/* Begin PBXSourcesBuildPhase section */
		8786820D2B09F8DE004E67FD /* Sources */ = {
			isa = PBXSourcesBuildPhase;
			buildActionMask = 2147483647;
			files = (
				8786822F2B0A3A1E004E67FD /* AppStrings.swift in Sources */,
				878682172B09F8DE004E67FD /* ContentView.swift in Sources */,
				878682592B2431F9004E67FD /* TimerVM.swift in Sources */,
				878226762B45351800552FB1 /* TimeZoneCellView.swift in Sources */,
				878682562B18BD69004E67FD /* Coordinator.swift in Sources */,
				87F201CA2B40601200158232 /* Container.swift in Sources */,
				8782267D2B49301C00552FB1 /* AlarmView.swift in Sources */,
				878226782B45354400552FB1 /* TimeZoneCellVM.swift in Sources */,
				8786822D2B0A1A97004E67FD /* TabItem.swift in Sources */,
				878682152B09F8DE004E67FD /* MyAlarmApp.swift in Sources */,
				8759206E2B2712B000BCBBB4 /* StopwatchVM.swift in Sources */,
				87F201C72B3E828900158232 /* TimezoneVM.swift in Sources */,
				8786825B2B243249004E67FD /* TimerView.swift in Sources */,
				8782267B2B49300C00552FB1 /* AlarmVM.swift in Sources */,
				8786824C2B0BD194004E67FD /* ClockView.swift in Sources */,
				878682242B09FDBD004E67FD /* HomeTabVM.swift in Sources */,
				8786822A2B0A18EA004E67FD /* HomeTabView.swift in Sources */,
				87F201C12B3E771600158232 /* TimezoneView.swift in Sources */,
				878682502B0CE779004E67FD /* DateFunctions.swift in Sources */,
				87F201C52B3E775400158232 /* CurrentTimeView.swift in Sources */,
				87F201C32B3E774000158232 /* CurrentTimeVM.swift in Sources */,
				875920702B2712D700BCBBB4 /* StopwatchView.swift in Sources */,
				8786824E2B0BD1A8004E67FD /* ClockVM.swift in Sources */,
			);
			runOnlyForDeploymentPostprocessing = 0;
		};
/* End PBXSourcesBuildPhase section */

/* Begin PBXVariantGroup section */
		878682342B0A4AB7004E67FD /* Localizable.strings */ = {
			isa = PBXVariantGroup;
			children = (
				878682332B0A4AB7004E67FD /* en */,
				878682352B0A4B31004E67FD /* fi */,
				878682362B0A7123004E67FD /* ml-IN */,
			);
			name = Localizable.strings;
			sourceTree = "<group>";
		};
/* End PBXVariantGroup section */

/* Begin XCBuildConfiguration section */
		8786821D2B09F8DF004E67FD /* Debug */ = {
			isa = XCBuildConfiguration;
			buildSettings = {
				ALWAYS_SEARCH_USER_PATHS = NO;
				CLANG_ANALYZER_LOCALIZABILITY_NONLOCALIZED = YES;
				CLANG_ANALYZER_NONNULL = YES;
				CLANG_ANALYZER_NUMBER_OBJECT_CONVERSION = YES_AGGRESSIVE;
				CLANG_CXX_LANGUAGE_STANDARD = "gnu++20";
				CLANG_ENABLE_MODULES = YES;
				CLANG_ENABLE_OBJC_ARC = YES;
				CLANG_ENABLE_OBJC_WEAK = YES;
				CLANG_WARN_BLOCK_CAPTURE_AUTORELEASING = YES;
				CLANG_WARN_BOOL_CONVERSION = YES;
				CLANG_WARN_COMMA = YES;
				CLANG_WARN_CONSTANT_CONVERSION = YES;
				CLANG_WARN_DEPRECATED_OBJC_IMPLEMENTATIONS = YES;
				CLANG_WARN_DIRECT_OBJC_ISA_USAGE = YES_ERROR;
				CLANG_WARN_DOCUMENTATION_COMMENTS = YES;
				CLANG_WARN_EMPTY_BODY = YES;
				CLANG_WARN_ENUM_CONVERSION = YES;
				CLANG_WARN_INFINITE_RECURSION = YES;
				CLANG_WARN_INT_CONVERSION = YES;
				CLANG_WARN_NON_LITERAL_NULL_CONVERSION = YES;
				CLANG_WARN_OBJC_IMPLICIT_RETAIN_SELF = YES;
				CLANG_WARN_OBJC_LITERAL_CONVERSION = YES;
				CLANG_WARN_OBJC_ROOT_CLASS = YES_ERROR;
				CLANG_WARN_QUOTED_INCLUDE_IN_FRAMEWORK_HEADER = YES;
				CLANG_WARN_RANGE_LOOP_ANALYSIS = YES;
				CLANG_WARN_STRICT_PROTOTYPES = YES;
				CLANG_WARN_SUSPICIOUS_MOVE = YES;
				CLANG_WARN_UNGUARDED_AVAILABILITY = YES_AGGRESSIVE;
				CLANG_WARN_UNREACHABLE_CODE = YES;
				CLANG_WARN__DUPLICATE_METHOD_MATCH = YES;
				COPY_PHASE_STRIP = NO;
				DEBUG_INFORMATION_FORMAT = dwarf;
				ENABLE_STRICT_OBJC_MSGSEND = YES;
				ENABLE_TESTABILITY = YES;
				GCC_C_LANGUAGE_STANDARD = gnu11;
				GCC_DYNAMIC_NO_PIC = NO;
				GCC_NO_COMMON_BLOCKS = YES;
				GCC_OPTIMIZATION_LEVEL = 0;
				GCC_PREPROCESSOR_DEFINITIONS = (
					"DEBUG=1",
					"$(inherited)",
				);
				GCC_WARN_64_TO_32_BIT_CONVERSION = YES;
				GCC_WARN_ABOUT_RETURN_TYPE = YES_ERROR;
				GCC_WARN_UNDECLARED_SELECTOR = YES;
				GCC_WARN_UNINITIALIZED_AUTOS = YES_AGGRESSIVE;
				GCC_WARN_UNUSED_FUNCTION = YES;
				GCC_WARN_UNUSED_VARIABLE = YES;
				IPHONEOS_DEPLOYMENT_TARGET = 15.0;
				MTL_ENABLE_DEBUG_INFO = INCLUDE_SOURCE;
				MTL_FAST_MATH = YES;
				ONLY_ACTIVE_ARCH = YES;
				SDKROOT = iphoneos;
				SWIFT_ACTIVE_COMPILATION_CONDITIONS = DEBUG;
				SWIFT_OPTIMIZATION_LEVEL = "-Onone";
			};
			name = Debug;
		};
		8786821E2B09F8DF004E67FD /* Release */ = {
			isa = XCBuildConfiguration;
			buildSettings = {
				ALWAYS_SEARCH_USER_PATHS = NO;
				CLANG_ANALYZER_LOCALIZABILITY_NONLOCALIZED = YES;
				CLANG_ANALYZER_NONNULL = YES;
				CLANG_ANALYZER_NUMBER_OBJECT_CONVERSION = YES_AGGRESSIVE;
				CLANG_CXX_LANGUAGE_STANDARD = "gnu++20";
				CLANG_ENABLE_MODULES = YES;
				CLANG_ENABLE_OBJC_ARC = YES;
				CLANG_ENABLE_OBJC_WEAK = YES;
				CLANG_WARN_BLOCK_CAPTURE_AUTORELEASING = YES;
				CLANG_WARN_BOOL_CONVERSION = YES;
				CLANG_WARN_COMMA = YES;
				CLANG_WARN_CONSTANT_CONVERSION = YES;
				CLANG_WARN_DEPRECATED_OBJC_IMPLEMENTATIONS = YES;
				CLANG_WARN_DIRECT_OBJC_ISA_USAGE = YES_ERROR;
				CLANG_WARN_DOCUMENTATION_COMMENTS = YES;
				CLANG_WARN_EMPTY_BODY = YES;
				CLANG_WARN_ENUM_CONVERSION = YES;
				CLANG_WARN_INFINITE_RECURSION = YES;
				CLANG_WARN_INT_CONVERSION = YES;
				CLANG_WARN_NON_LITERAL_NULL_CONVERSION = YES;
				CLANG_WARN_OBJC_IMPLICIT_RETAIN_SELF = YES;
				CLANG_WARN_OBJC_LITERAL_CONVERSION = YES;
				CLANG_WARN_OBJC_ROOT_CLASS = YES_ERROR;
				CLANG_WARN_QUOTED_INCLUDE_IN_FRAMEWORK_HEADER = YES;
				CLANG_WARN_RANGE_LOOP_ANALYSIS = YES;
				CLANG_WARN_STRICT_PROTOTYPES = YES;
				CLANG_WARN_SUSPICIOUS_MOVE = YES;
				CLANG_WARN_UNGUARDED_AVAILABILITY = YES_AGGRESSIVE;
				CLANG_WARN_UNREACHABLE_CODE = YES;
				CLANG_WARN__DUPLICATE_METHOD_MATCH = YES;
				COPY_PHASE_STRIP = NO;
				DEBUG_INFORMATION_FORMAT = "dwarf-with-dsym";
				ENABLE_NS_ASSERTIONS = NO;
				ENABLE_STRICT_OBJC_MSGSEND = YES;
				GCC_C_LANGUAGE_STANDARD = gnu11;
				GCC_NO_COMMON_BLOCKS = YES;
				GCC_WARN_64_TO_32_BIT_CONVERSION = YES;
				GCC_WARN_ABOUT_RETURN_TYPE = YES_ERROR;
				GCC_WARN_UNDECLARED_SELECTOR = YES;
				GCC_WARN_UNINITIALIZED_AUTOS = YES_AGGRESSIVE;
				GCC_WARN_UNUSED_FUNCTION = YES;
				GCC_WARN_UNUSED_VARIABLE = YES;
				IPHONEOS_DEPLOYMENT_TARGET = 15.0;
				MTL_ENABLE_DEBUG_INFO = NO;
				MTL_FAST_MATH = YES;
				SDKROOT = iphoneos;
				SWIFT_COMPILATION_MODE = wholemodule;
				SWIFT_OPTIMIZATION_LEVEL = "-O";
				VALIDATE_PRODUCT = YES;
			};
			name = Release;
		};
		878682202B09F8DF004E67FD /* Debug */ = {
			isa = XCBuildConfiguration;
			buildSettings = {
				ASSETCATALOG_COMPILER_APPICON_NAME = AppIcon;
				ASSETCATALOG_COMPILER_GLOBAL_ACCENT_COLOR_NAME = AccentColor;
				CODE_SIGN_STYLE = Automatic;
				CURRENT_PROJECT_VERSION = 1;
				DEVELOPMENT_ASSET_PATHS = "\"MyAlarm/Preview Content\"";
				DEVELOPMENT_TEAM = V295X7TJF4;
				ENABLE_PREVIEWS = YES;
				GENERATE_INFOPLIST_FILE = YES;
				INFOPLIST_KEY_UIApplicationSceneManifest_Generation = YES;
				INFOPLIST_KEY_UIApplicationSupportsIndirectInputEvents = YES;
				INFOPLIST_KEY_UILaunchScreen_Generation = YES;
				INFOPLIST_KEY_UISupportedInterfaceOrientations_iPad = "UIInterfaceOrientationPortrait UIInterfaceOrientationPortraitUpsideDown UIInterfaceOrientationLandscapeLeft UIInterfaceOrientationLandscapeRight";
				INFOPLIST_KEY_UISupportedInterfaceOrientations_iPhone = "UIInterfaceOrientationPortrait UIInterfaceOrientationLandscapeLeft UIInterfaceOrientationLandscapeRight";
				IPHONEOS_DEPLOYMENT_TARGET = 16.0;
				LD_RUNPATH_SEARCH_PATHS = (
					"$(inherited)",
					"@executable_path/Frameworks",
				);
				MARKETING_VERSION = 1.0;
				PRODUCT_BUNDLE_IDENTIFIER = com.ajin.MyAlarm;
				PRODUCT_NAME = "$(TARGET_NAME)";
				SWIFT_EMIT_LOC_STRINGS = YES;
				SWIFT_VERSION = 5.0;
				TARGETED_DEVICE_FAMILY = "1,2";
			};
			name = Debug;
		};
		878682212B09F8DF004E67FD /* Release */ = {
			isa = XCBuildConfiguration;
			buildSettings = {
				ASSETCATALOG_COMPILER_APPICON_NAME = AppIcon;
				ASSETCATALOG_COMPILER_GLOBAL_ACCENT_COLOR_NAME = AccentColor;
				CODE_SIGN_STYLE = Automatic;
				CURRENT_PROJECT_VERSION = 1;
				DEVELOPMENT_ASSET_PATHS = "\"MyAlarm/Preview Content\"";
				DEVELOPMENT_TEAM = V295X7TJF4;
				ENABLE_PREVIEWS = YES;
				GENERATE_INFOPLIST_FILE = YES;
				INFOPLIST_KEY_UIApplicationSceneManifest_Generation = YES;
				INFOPLIST_KEY_UIApplicationSupportsIndirectInputEvents = YES;
				INFOPLIST_KEY_UILaunchScreen_Generation = YES;
				INFOPLIST_KEY_UISupportedInterfaceOrientations_iPad = "UIInterfaceOrientationPortrait UIInterfaceOrientationPortraitUpsideDown UIInterfaceOrientationLandscapeLeft UIInterfaceOrientationLandscapeRight";
				INFOPLIST_KEY_UISupportedInterfaceOrientations_iPhone = "UIInterfaceOrientationPortrait UIInterfaceOrientationLandscapeLeft UIInterfaceOrientationLandscapeRight";
				IPHONEOS_DEPLOYMENT_TARGET = 16.0;
				LD_RUNPATH_SEARCH_PATHS = (
					"$(inherited)",
					"@executable_path/Frameworks",
				);
				MARKETING_VERSION = 1.0;
				PRODUCT_BUNDLE_IDENTIFIER = com.ajin.MyAlarm;
				PRODUCT_NAME = "$(TARGET_NAME)";
				SWIFT_EMIT_LOC_STRINGS = YES;
				SWIFT_VERSION = 5.0;
				TARGETED_DEVICE_FAMILY = "1,2";
			};
			name = Release;
		};
/* End XCBuildConfiguration section */

/* Begin XCConfigurationList section */
		8786820C2B09F8DE004E67FD /* Build configuration list for PBXProject "MyAlarm" */ = {
			isa = XCConfigurationList;
			buildConfigurations = (
				8786821D2B09F8DF004E67FD /* Debug */,
				8786821E2B09F8DF004E67FD /* Release */,
			);
			defaultConfigurationIsVisible = 0;
			defaultConfigurationName = Release;
		};
		8786821F2B09F8DF004E67FD /* Build configuration list for PBXNativeTarget "MyAlarm" */ = {
			isa = XCConfigurationList;
			buildConfigurations = (
				878682202B09F8DF004E67FD /* Debug */,
				878682212B09F8DF004E67FD /* Release */,
			);
			defaultConfigurationIsVisible = 0;
			defaultConfigurationName = Release;
		};
/* End XCConfigurationList section */
	};
	rootObject = 878682092B09F8DE004E67FD /* Project object */;
}
